
Microsoft Visual Studio Solution File, Format Version 12.00
# Visual Studio 15
VisualStudioVersion = 15.0.28307.271
MinimumVisualStudioVersion = 10.0.40219.1
Project("{FAE04EC0-301F-11D3-BF4B-00C04F79EFBC}") = "task_3", "task_3\task_3.csproj", "{B658EA58-5146-45DE-82B9-71B3C0779A2E}"
EndProject
Global
	GlobalSection(SolutionConfigurationPlatforms) = preSolution
		Debug|Any CPU = Debug|Any CPU
		Release|Any CPU = Release|Any CPU
	EndGlobalSection
	GlobalSection(ProjectConfigurationPlatforms) = postSolution
		{B658EA58-5146-45DE-82B9-71B3C0779A2E}.Debug|Any CPU.ActiveCfg = Debug|Any CPU
		{B658EA58-5146-45DE-82B9-71B3C0779A2E}.Debug|Any CPU.Build.0 = Debug|Any CPU
		{B658EA58-5146-45DE-82B9-71B3C0779A2E}.Release|Any CPU.ActiveCfg = Release|Any CPU
		{B658EA58-5146-45DE-82B9-71B3C0779A2E}.Release|Any CPU.Build.0 = Release|Any CPU
	EndGlobalSection
	GlobalSection(SolutionProperties) = preSolution
		HideSolutionNode = FALSE
	EndGlobalSection
	GlobalSection(ExtensibilityGlobals) = postSolution
		SolutionGuid = {1D53B2B0-2E33-4348-BFA5-2C52EE70DE81}
	EndGlobalSection
EndGlobal
