
Microsoft Visual Studio Solution File, Format Version 12.00
# Visual Studio 15
VisualStudioVersion = 15.0.28010.2046
MinimumVisualStudioVersion = 10.0.40219.1
Project("{FAE04EC0-301F-11D3-BF4B-00C04F79EFBC}") = "first_even", "first_even\first_even.csproj", "{EC633136-3DD3-4606-B8D3-DFAD5F1B0A57}"
EndProject
Global
	GlobalSection(SolutionConfigurationPlatforms) = preSolution
		Debug|Any CPU = Debug|Any CPU
		Release|Any CPU = Release|Any CPU
	EndGlobalSection
	GlobalSection(ProjectConfigurationPlatforms) = postSolution
		{EC633136-3DD3-4606-B8D3-DFAD5F1B0A57}.Debug|Any CPU.ActiveCfg = Debug|Any CPU
		{EC633136-3DD3-4606-B8D3-DFAD5F1B0A57}.Debug|Any CPU.Build.0 = Debug|Any CPU
		{EC633136-3DD3-4606-B8D3-DFAD5F1B0A57}.Release|Any CPU.ActiveCfg = Release|Any CPU
		{EC633136-3DD3-4606-B8D3-DFAD5F1B0A57}.Release|Any CPU.Build.0 = Release|Any CPU
	EndGlobalSection
	GlobalSection(SolutionProperties) = preSolution
		HideSolutionNode = FALSE
	EndGlobalSection
	GlobalSection(ExtensibilityGlobals) = postSolution
		SolutionGuid = {CA7BDCA1-F3CC-4C42-8074-D5213EE4B851}
	EndGlobalSection
EndGlobal
