
Microsoft Visual Studio Solution File, Format Version 12.00
# Visual Studio 15
VisualStudioVersion = 15.0.28010.2046
MinimumVisualStudioVersion = 10.0.40219.1
Project("{FAE04EC0-301F-11D3-BF4B-00C04F79EFBC}") = "task_2", "task_2\task_2.csproj", "{C481704A-9161-4B81-A51A-D13835E06FDE}"
EndProject
Global
	GlobalSection(SolutionConfigurationPlatforms) = preSolution
		Debug|Any CPU = Debug|Any CPU
		Release|Any CPU = Release|Any CPU
	EndGlobalSection
	GlobalSection(ProjectConfigurationPlatforms) = postSolution
		{C481704A-9161-4B81-A51A-D13835E06FDE}.Debug|Any CPU.ActiveCfg = Debug|Any CPU
		{C481704A-9161-4B81-A51A-D13835E06FDE}.Debug|Any CPU.Build.0 = Debug|Any CPU
		{C481704A-9161-4B81-A51A-D13835E06FDE}.Release|Any CPU.ActiveCfg = Release|Any CPU
		{C481704A-9161-4B81-A51A-D13835E06FDE}.Release|Any CPU.Build.0 = Release|Any CPU
	EndGlobalSection
	GlobalSection(SolutionProperties) = preSolution
		HideSolutionNode = FALSE
	EndGlobalSection
	GlobalSection(ExtensibilityGlobals) = postSolution
		SolutionGuid = {594D2C70-33B6-420C-BE6B-973BCF42C65D}
	EndGlobalSection
EndGlobal
