
Microsoft Visual Studio Solution File, Format Version 12.00
# Visual Studio 15
VisualStudioVersion = 15.0.28010.2046
MinimumVisualStudioVersion = 10.0.40219.1
Project("{FAE04EC0-301F-11D3-BF4B-00C04F79EFBC}") = "adding", "adding\adding.csproj", "{57D1E228-0E1E-4214-967B-C1E7746F0CE8}"
EndProject
Global
	GlobalSection(SolutionConfigurationPlatforms) = preSolution
		Debug|Any CPU = Debug|Any CPU
		Release|Any CPU = Release|Any CPU
	EndGlobalSection
	GlobalSection(ProjectConfigurationPlatforms) = postSolution
		{57D1E228-0E1E-4214-967B-C1E7746F0CE8}.Debug|Any CPU.ActiveCfg = Debug|Any CPU
		{57D1E228-0E1E-4214-967B-C1E7746F0CE8}.Debug|Any CPU.Build.0 = Debug|Any CPU
		{57D1E228-0E1E-4214-967B-C1E7746F0CE8}.Release|Any CPU.ActiveCfg = Release|Any CPU
		{57D1E228-0E1E-4214-967B-C1E7746F0CE8}.Release|Any CPU.Build.0 = Release|Any CPU
	EndGlobalSection
	GlobalSection(SolutionProperties) = preSolution
		HideSolutionNode = FALSE
	EndGlobalSection
	GlobalSection(ExtensibilityGlobals) = postSolution
		SolutionGuid = {5C596F19-19E3-4577-99B9-78702DEDF84A}
	EndGlobalSection
EndGlobal
